<?xml version="1.0" encoding="utf-8"?>
<Project ToolsVersion="4.0" xmlns="http://schemas.microsoft.com/developer/msbuild/2003">
  <ItemGroup>
    <Filter Include="Source Files">
      <UniqueIdentifier>{4FC737F1-C7A5-4376-A066-2A32D752A2FF}</UniqueIdentifier>
      <Extensions>cpp;c;cc;cxx;c++;cppm;ixx;def;odl;idl;hpj;bat;asm;asmx</Extensions>
    </Filter>
    <Filter Include="Header Files">
      <UniqueIdentifier>{93995380-89BD-4b04-88EB-625FBE52EBFB}</UniqueIdentifier>
      <Extensions>h;hh;hpp;hxx;h++;hm;inl;inc;ipp;xsd</Extensions>
    </Filter>
    <Filter Include="Resource Files">
      <UniqueIdentifier>{67DA6AB6-F800-4c08-8B7A-83BB121AAD01}</UniqueIdentifier>
      <Extensions>rc;ico;cur;bmp;dlg;rc2;rct;bin;rgs;gif;jpg;jpeg;jpe;resx;tiff;tif;png;wav;mfcribbon-ms</Extensions>
    </Filter>
  </ItemGroup>
  <ItemGroup>
    <ClInclude Include="framework.h">
      <Filter>Header Files</Filter>
    </ClInclude>
    <ClInclude Include="targetver.h">
      <Filter>Header Files</Filter>
    </ClInclude>
    <ClInclude Include="Resource.h">
      <Filter>Header Files</Filter>
    </ClInclude>
    <ClInclude Include="DrunkDeer analog axis.h">
      <Filter>Header Files</Filter>
    </ClInclude>
    <ClInclude Include="app.h">
      <Filter>Header Files</Filter>
    </ClInclude>
    <ClInclude Include="free_combo_system.h">
      <Filter>Header Files</Filter>
    </ClInclude>
    <ClInclude Include="free_combo_ui.h">
      <Filter>Header Files</Filter>
    </ClInclude>
    <ClInclude Include="backend.h">
      <Filter>Header Files</Filter>
    </ClInclude>
    <ClInclude Include="keyboard_ui.h">
      <Filter>Header Files</Filter>
    </ClInclude>
    <ClInclude Include="bindings.h">
      <Filter>Header Files</Filter>
    </ClInclude>
    <ClInclude Include="profile_ini.h">
      <Filter>Header Files</Filter>
    </ClInclude>
    <ClInclude Include="settings.h">
      <Filter>Header Files</Filter>
    </ClInclude>
    <ClInclude Include="settings_ini.h">
      <Filter>Header Files</Filter>
    </ClInclude>
    <ClInclude Include="key_settings.h">
      <Filter>Header Files</Filter>
    </ClInclude>
    <ClInclude Include="realtime_loop.h">
      <Filter>Header Files</Filter>
    </ClInclude>
    <ClInclude Include="keyboard_layout.h">
      <Filter>Header Files</Filter>
    </ClInclude>
    <ClInclude Include="keyboard_render.h">
      <Filter>Header Files</Filter>
    </ClInclude>
    <ClInclude Include="keyboard_bind_panel.h">
      <Filter>Header Files</Filter>
    </ClInclude>
    <ClInclude Include="keyboard_keysettings_panel.h">
      <Filter>Header Files</Filter>
    </ClInclude>
    <ClInclude Include="remap_panel.h">
      <Filter>Header Files</Filter>
    </ClInclude>
    <ClInclude Include="win_util.h">
      <Filter>Header Files</Filter>
    </ClInclude>
    <ClInclude Include="ini_util.h">
      <Filter>Header Files</Filter>
    </ClInclude>
    <ClInclude Include="gamepad_render.h">
      <Filter>Header Files</Filter>
    </ClInclude>
    <ClInclude Include="app_paths.h">
      <Filter>Header Files</Filter>
    </ClInclude>
    <ClInclude Include="binding_actions.h">
      <Filter>Header Files</Filter>
    </ClInclude>
    <ClInclude Include="ui_theme.h">
      <Filter>Header Files</Filter>
    </ClInclude>
    <ClInclude Include="tab_dark.h">
      <Filter>Header Files</Filter>
    </ClInclude>
    <ClInclude Include="keyboard_ui_internal.h">
      <Filter>Header Files</Filter>
    </ClInclude>
    <ClInclude Include="keyboard_ui_state.h">
      <Filter>Header Files</Filter>
    </ClInclude>
    <ClInclude Include="remap_icons.h">
      <Filter>Header Files</Filter>
    </ClInclude>
    <ClInclude Include="remap_abxy.h">
      <Filter>Header Files</Filter>
    </ClInclude>
    <ClInclude Include="remap_startselect.h">
      <Filter>Header Files</Filter>
    </ClInclude>
    <ClInclude Include="remap_bumpers.h">
      <Filter>Header Files</Filter>
    </ClInclude>
    <ClInclude Include="remap_triggers.h">
      <Filter>Header Files</Filter>
    </ClInclude>
    <ClInclude Include="remap_dpad.h">
      <Filter>Header Files</Filter>
    </ClInclude>
    <ClInclude Include="remap_sticks.h">
      <Filter>Header Files</Filter>
    </ClInclude>
    <ClInclude Include="keyboard_keysettings_panel_internal.h">
      <Filter>Header Files</Filter>
    </ClInclude>
    <ClInclude Include="premium_combo_internal.h">
      <Filter>Header Files</Filter>
    </ClInclude>
    <ClInclude Include="curve_math.h">
      <Filter>Header Files</Filter>
    </ClInclude>
    <ClInclude Include="curve_clipboard.h">
      <Filter>Header Files</Filter>
    </ClInclude>
    <ClInclude Include="premium_combo.h">
      <Filter>Header Files</Filter>
    </ClInclude>
    <ClInclude Include="keyboard_profiles.h">
      <Filter>Header Files</Filter>
    </ClInclude>
    <ClInclude Include="remap_guide.h">
      <Filter>Header Files</Filter>
    </ClInclude>
  </ItemGroup>
  <ItemGroup>
    <ResourceCompile Include="DrunkDeer analog axis.rc">
      <Filter>Resource Files</Filter>
    </ResourceCompile>
  </ItemGroup>
  <ItemGroup>
    <Image Include="small.ico">
      <Filter>Resource Files</Filter>
    </Image>
    <Image Include="DrunkDeer analog axis.ico">
      <Filter>Resource Files</Filter>
    </Image>
  </ItemGroup>
  <ItemGroup>
    <ClCompile Include="main.cpp">
      <Filter>Source Files</Filter>
    </ClCompile>
    <ClCompile Include="app.cpp">
      <Filter>Source Files</Filter>
    </ClCompile>
    <ClCompile Include="free_combo_system.cpp">
      <Filter>Source Files</Filter>
    </ClCompile>
    <ClCompile Include="free_combo_ui.cpp">
      <Filter>Source Files</Filter>
    </ClCompile>
    <ClCompile Include="backend.cpp">
      <Filter>Source Files</Filter>
    </ClCompile>
    <ClCompile Include="keyboard_ui.cpp">
      <Filter>Source Files</Filter>
    </ClCompile>
    <ClCompile Include="bindings.cpp">
      <Filter>Source Files</Filter>
    </ClCompile>
    <ClCompile Include="profile_ini.cpp">
      <Filter>Source Files</Filter>
    </ClCompile>
    <ClCompile Include="settings.cpp">
      <Filter>Source Files</Filter>
    </ClCompile>
    <ClCompile Include="settings_ini.cpp">
      <Filter>Source Files</Filter>
    </ClCompile>
    <ClCompile Include="key_settings.cpp">
      <Filter>Source Files</Filter>
    </ClCompile>
    <ClCompile Include="realtime_loop.cpp">
      <Filter>Source Files</Filter>
    </ClCompile>
    <ClCompile Include="keyboard_layout.cpp">
      <Filter>Source Files</Filter>
    </ClCompile>
    <ClCompile Include="keyboard_render.cpp">
      <Filter>Source Files</Filter>
    </ClCompile>
    <ClCompile Include="keyboard_bind_panel.cpp">
      <Filter>Source Files</Filter>
    </ClCompile>
    <ClCompile Include="keyboard_keysettings_panel.cpp">
      <Filter>Source Files</Filter>
    </ClCompile>
    <ClCompile Include="remap_panel.cpp">
      <Filter>Source Files</Filter>
    </ClCompile>
    <ClCompile Include="win_util.cpp">
      <Filter>Source Files</Filter>
    </ClCompile>
    <ClCompile Include="ini_util.cpp">
      <Filter>Source Files</Filter>
    </ClCompile>
    <ClCompile Include="gamepad_render.cpp">
      <Filter>Source Files</Filter>
    </ClCompile>
    <ClCompile Include="app_paths.cpp">
      <Filter>Source Files</Filter>
    </ClCompile>
    <ClCompile Include="binding_actions.cpp">
      <Filter>Source Files</Filter>
    </ClCompile>
    <ClCompile Include="ui_theme.cpp">
      <Filter>Source Files</Filter>
    </ClCompile>
    <ClCompile Include="keyboard_subpages.cpp">
      <Filter>Source Files</Filter>
    </ClCompile>
    <ClCompile Include="keyboard_page_main.cpp">
      <Filter>Source Files</Filter>
    </ClCompile>
    <ClCompile Include="remap_icons.cpp">
      <Filter>Source Files</Filter>
    </ClCompile>
    <ClCompile Include="remap_abxy.cpp">
      <Filter>Source Files</Filter>
    </ClCompile>
    <ClCompile Include="remap_startselect.cpp">
      <Filter>Source Files</Filter>
    </ClCompile>
    <ClCompile Include="remap_bumpers.cpp">
      <Filter>Source Files</Filter>
    </ClCompile>
    <ClCompile Include="remap_triggers.cpp">
      <Filter>Source Files</Filter>
    </ClCompile>
    <ClCompile Include="remap_dpad.cpp">
      <Filter>Source Files</Filter>
    </ClCompile>
    <ClCompile Include="remap_sticks.cpp">
      <Filter>Source Files</Filter>
    </ClCompile>
    <ClCompile Include="keyboard_keysettings_panel_logic.cpp">
      <Filter>Source Files</Filter>
    </ClCompile>
    <ClCompile Include="keyboard_keysettings_panel_graph.cpp">
      <Filter>Source Files</Filter>
    </ClCompile>
    <ClCompile Include="keyboard_keysettings_panel_style.cpp">
      <Filter>Source Files</Filter>
    </ClCompile>
    <ClCompile Include="premium_combo_core.cpp">
      <Filter>Source Files</Filter>
    </ClCompile>
    <ClCompile Include="premium_combo_logic.cpp">
      <Filter>Source Files</Filter>
    </ClCompile>
    <ClCompile Include="premium_combo_anim.cpp">
      <Filter>Source Files</Filter>
    </ClCompile>
    <ClCompile Include="premium_combo_paint.cpp">
      <Filter>Source Files</Filter>
    </ClCompile>
    <ClCompile Include="curve_math.cpp">
      <Filter>Source Files</Filter>
    </ClCompile>
    <ClCompile Include="keyboard_profiles.cpp">
      <Filter>Source Files</Filter>
    </ClCompile>
    <ClCompile Include="remap_guide.cpp">
      <Filter>Source Files</Filter>
    </ClCompile>
  </ItemGroup>
</Project>
